
Microsoft Visual Studio Solution File, Format Version 12.00
# Visual Studio Version 17
VisualStudioVersion = 17.3.32922.545
MinimumVisualStudioVersion = 10.0.40219.1
Project("{FAE04EC0-301F-11D3-BF4B-00C04F79EFBC}") = "Krouzek_MS", "Krouzek_MS\Krouzek_MS.csproj", "{7D149A12-693A-4336-A48F-9BCE8570BE9E}"
EndProject
Global
	GlobalSection(SolutionConfigurationPlatforms) = preSolution
		Debug|Any CPU = Debug|Any CPU
		Release|Any CPU = Release|Any CPU
	EndGlobalSection
	GlobalSection(ProjectConfigurationPlatforms) = postSolution
		{7D149A12-693A-4336-A48F-9BCE8570BE9E}.Debug|Any CPU.ActiveCfg = Debug|Any CPU
		{7D149A12-693A-4336-A48F-9BCE8570BE9E}.Debug|Any CPU.Build.0 = Debug|Any CPU
		{7D149A12-693A-4336-A48F-9BCE8570BE9E}.Release|Any CPU.ActiveCfg = Release|Any CPU
		{7D149A12-693A-4336-A48F-9BCE8570BE9E}.Release|Any CPU.Build.0 = Release|Any CPU
	EndGlobalSection
	GlobalSection(SolutionProperties) = preSolution
		HideSolutionNode = FALSE
	EndGlobalSection
	GlobalSection(ExtensibilityGlobals) = postSolution
		SolutionGuid = {4A387BFD-BCAD-43DF-8357-A233C3169841}
	EndGlobalSection
EndGlobal
